
Microsoft Visual Studio Solution File, Format Version 12.00
# Visual Studio Version 17
VisualStudioVersion = 17.10.35013.160
MinimumVisualStudioVersion = 10.0.40219.1
Project("{8BC9CEB8-8B4A-11D0-8D11-00A0C91BC942}") = "PG3_評価課題", "PG3_評価課題.vcxproj", "{BDAA5DCD-8C97-4176-911A-0D0BBE3A68BB}"
EndProject
Global
	GlobalSection(SolutionConfigurationPlatforms) = preSolution
		Debug|x64 = Debug|x64
		Release|x64 = Release|x64
	EndGlobalSection
	GlobalSection(ProjectConfigurationPlatforms) = postSolution
		{BDAA5DCD-8C97-4176-911A-0D0BBE3A68BB}.Debug|x64.ActiveCfg = Debug|x64
		{BDAA5DCD-8C97-4176-911A-0D0BBE3A68BB}.Debug|x64.Build.0 = Debug|x64
		{BDAA5DCD-8C97-4176-911A-0D0BBE3A68BB}.Release|x64.ActiveCfg = Release|x64
		{BDAA5DCD-8C97-4176-911A-0D0BBE3A68BB}.Release|x64.Build.0 = Release|x64
	EndGlobalSection
	GlobalSection(SolutionProperties) = preSolution
		HideSolutionNode = FALSE
	EndGlobalSection
	GlobalSection(ExtensibilityGlobals) = postSolution
		SolutionGuid = {E5D0299A-509B-4BF3-A716-A7A8292C0A43}
	EndGlobalSection
EndGlobal
